
Microsoft Visual Studio Solution File, Format Version 12.00
# Visual Studio Version 17
VisualStudioVersion = 17.0.31808.319
MinimumVisualStudioVersion = 10.0.40219.1
Project("{FAE04EC0-301F-11D3-BF4B-00C04F79EFBC}") = "Newsletterme", "Newsletterme\Newsletterme.csproj", "{2525F3A5-8610-4658-B3E0-880B0B54CFF1}"
EndProject
Global
	GlobalSection(SolutionConfigurationPlatforms) = preSolution
		Debug|Any CPU = Debug|Any CPU
		Release|Any CPU = Release|Any CPU
	EndGlobalSection
	GlobalSection(ProjectConfigurationPlatforms) = postSolution
		{2525F3A5-8610-4658-B3E0-880B0B54CFF1}.Debug|Any CPU.ActiveCfg = Debug|Any CPU
		{2525F3A5-8610-4658-B3E0-880B0B54CFF1}.Debug|Any CPU.Build.0 = Debug|Any CPU
		{2525F3A5-8610-4658-B3E0-880B0B54CFF1}.Release|Any CPU.ActiveCfg = Release|Any CPU
		{2525F3A5-8610-4658-B3E0-880B0B54CFF1}.Release|Any CPU.Build.0 = Release|Any CPU
	EndGlobalSection
	GlobalSection(SolutionProperties) = preSolution
		HideSolutionNode = FALSE
	EndGlobalSection
	GlobalSection(ExtensibilityGlobals) = postSolution
		SolutionGuid = {F77C3FB9-DDFA-447E-BE8E-B35A9FD8C81C}
	EndGlobalSection
EndGlobal
