
Microsoft Visual Studio Solution File, Format Version 12.00
# Visual Studio Version 17
VisualStudioVersion = 17.0.31808.319
MinimumVisualStudioVersion = 10.0.40219.1
Project("{9A19103F-16F7-4668-BE54-9A1E7A4F7556}") = "Newsletterme", "src\Newsletterme\Newsletterme.csproj", "{8468F5B6-F871-40FD-910C-86AEA3A79EDA}"
EndProject
Global
	GlobalSection(SolutionConfigurationPlatforms) = preSolution
		Debug|Any CPU = Debug|Any CPU
		Release|Any CPU = Release|Any CPU
	EndGlobalSection
	GlobalSection(ProjectConfigurationPlatforms) = postSolution
		{8468F5B6-F871-40FD-910C-86AEA3A79EDA}.Debug|Any CPU.ActiveCfg = Debug|Any CPU
		{8468F5B6-F871-40FD-910C-86AEA3A79EDA}.Debug|Any CPU.Build.0 = Debug|Any CPU
		{8468F5B6-F871-40FD-910C-86AEA3A79EDA}.Release|Any CPU.ActiveCfg = Release|Any CPU
		{8468F5B6-F871-40FD-910C-86AEA3A79EDA}.Release|Any CPU.Build.0 = Release|Any CPU
	EndGlobalSection
	GlobalSection(SolutionProperties) = preSolution
		HideSolutionNode = FALSE
	EndGlobalSection
	GlobalSection(ExtensibilityGlobals) = postSolution
		SolutionGuid = {F757806D-47B7-474F-B774-6271DC2705F2}
	EndGlobalSection
EndGlobal
